# THIS IS AN AUTOGENERATED FILE. DO NOT EDIT THIS FILE DIRECTLY.
# yarn lockfile v1


libphonenumber-js@^1.10.41:
  version "1.10.41"
  resolved "https://registry.yarnpkg.com/libphonenumber-js/-/libphonenumber-js-1.10.41.tgz#14b6be5894bed3385808a6a088031b5b8a27c105"
  integrity sha512-4rmmF4u4vD3eGNuuCGjCPwRwO+fIuu1WWcS7VwbPTiMFkJd8F02v8o5pY5tlYuMR+xOvJ88mtOHpkm0Tnu2LcQ==
